
Microsoft Visual Studio Solution File, Format Version 12.00
# Visual Studio Version 17
VisualStudioVersion = 17.7.34202.233
MinimumVisualStudioVersion = 10.0.40219.1
Project("{2150E333-8FDC-42A3-9474-1A3956D46DE8}") = "Services", "Services", "{5E973825-E217-4070-BD4A-CD83375E303D}"
EndProject
Project("{2150E333-8FDC-42A3-9474-1A3956D46DE8}") = "Clients", "Clients", "{A20942F0-57C8-4220-93FB-048DF3301C01}"
EndProject
Project("{2150E333-8FDC-42A3-9474-1A3956D46DE8}") = "Shared", "Shared", "{10A925B1-FE7E-488E-A58D-A3C736BF58EE}"
EndProject
Project("{9A19103F-16F7-4668-BE54-9A1E7A4F7556}") = "SharedModels", "Shared\SharedModels\SharedModels.csproj", "{3FD3B103-AAA4-452F-8510-20B0659E9AD4}"
EndProject
Project("{2150E333-8FDC-42A3-9474-1A3956D46DE8}") = "Gateways", "Gateways", "{6D20783A-D4E4-48B9-B7BB-EBFE42BE085A}"
EndProject
Project("{9A19103F-16F7-4668-BE54-9A1E7A4F7556}") = "ProductsAPI", "Services\Products\ProductsAPI.csproj", "{78EA7DE3-2112-4B2F-A07A-B51C0CA3EE4B}"
EndProject
Project("{9A19103F-16F7-4668-BE54-9A1E7A4F7556}") = "PaymentAPI", "Services\Payment\PaymentAPI.csproj", "{BB6AE487-1BF1-4032-9471-5BC329542F47}"
EndProject
Project("{9A19103F-16F7-4668-BE54-9A1E7A4F7556}") = "OrderingAPI", "Services\Ordering\OrderingAPI.csproj", "{A2982241-BD3A-470F-9CE5-5F7114291669}"
EndProject
Project("{9A19103F-16F7-4668-BE54-9A1E7A4F7556}") = "PortfolioAPI", "Services\Portfolio\PortfolioAPI.csproj", "{1F861B3E-A088-40B1-AF50-2AC1C6EB21F4}"
EndProject
Project("{E53339B2-1760-4266-BCC7-CA923CBCF16C}") = "docker-compose", "docker-compose.dcproj", "{465C762D-5E56-4355-8C53-E3B61964FA04}"
EndProject
Project("{9A19103F-16F7-4668-BE54-9A1E7A4F7556}") = "WebGateway", "Gateways\WebGateway\WebGateway.csproj", "{0185B672-0DAC-4B3E-B27A-2A36B73086A7}"
EndProject
Project("{9A19103F-16F7-4668-BE54-9A1E7A4F7556}") = "BrokerRabbitMQ", "Services\BrokerRabbitMQ\BrokerRabbitMQ.csproj", "{FACC2A2B-69E8-4C79-9C48-3CAF027F245D}"
EndProject
Project("{9A19103F-16F7-4668-BE54-9A1E7A4F7556}") = "ChatAPI", "Services\ChatAPI\ChatAPI.csproj", "{90666DD3-622F-4966-9B55-38E5C5FBA006}"
EndProject
Project("{9A19103F-16F7-4668-BE54-9A1E7A4F7556}") = "KhotosUI", "Clients\KhotosUI\KhotosUI.csproj", "{28A5F2C5-82AD-412E-8745-48FA16319292}"
EndProject
Global
	GlobalSection(SolutionConfigurationPlatforms) = preSolution
		Debug|Any CPU = Debug|Any CPU
		NoVariablesDefault|Any CPU = NoVariablesDefault|Any CPU
		Release|Any CPU = Release|Any CPU
	EndGlobalSection
	GlobalSection(ProjectConfigurationPlatforms) = postSolution
		{3FD3B103-AAA4-452F-8510-20B0659E9AD4}.Debug|Any CPU.ActiveCfg = Debug|Any CPU
		{3FD3B103-AAA4-452F-8510-20B0659E9AD4}.Debug|Any CPU.Build.0 = Debug|Any CPU
		{3FD3B103-AAA4-452F-8510-20B0659E9AD4}.NoVariablesDefault|Any CPU.ActiveCfg = Release|Any CPU
		{3FD3B103-AAA4-452F-8510-20B0659E9AD4}.NoVariablesDefault|Any CPU.Build.0 = Release|Any CPU
		{3FD3B103-AAA4-452F-8510-20B0659E9AD4}.Release|Any CPU.ActiveCfg = Release|Any CPU
		{3FD3B103-AAA4-452F-8510-20B0659E9AD4}.Release|Any CPU.Build.0 = Release|Any CPU
		{78EA7DE3-2112-4B2F-A07A-B51C0CA3EE4B}.Debug|Any CPU.ActiveCfg = Debug|Any CPU
		{78EA7DE3-2112-4B2F-A07A-B51C0CA3EE4B}.Debug|Any CPU.Build.0 = Debug|Any CPU
		{78EA7DE3-2112-4B2F-A07A-B51C0CA3EE4B}.NoVariablesDefault|Any CPU.ActiveCfg = Release|Any CPU
		{78EA7DE3-2112-4B2F-A07A-B51C0CA3EE4B}.NoVariablesDefault|Any CPU.Build.0 = Release|Any CPU
		{78EA7DE3-2112-4B2F-A07A-B51C0CA3EE4B}.Release|Any CPU.ActiveCfg = Release|Any CPU
		{78EA7DE3-2112-4B2F-A07A-B51C0CA3EE4B}.Release|Any CPU.Build.0 = Release|Any CPU
		{BB6AE487-1BF1-4032-9471-5BC329542F47}.Debug|Any CPU.ActiveCfg = Debug|Any CPU
		{BB6AE487-1BF1-4032-9471-5BC329542F47}.Debug|Any CPU.Build.0 = Debug|Any CPU
		{BB6AE487-1BF1-4032-9471-5BC329542F47}.NoVariablesDefault|Any CPU.ActiveCfg = Release|Any CPU
		{BB6AE487-1BF1-4032-9471-5BC329542F47}.NoVariablesDefault|Any CPU.Build.0 = Release|Any CPU
		{BB6AE487-1BF1-4032-9471-5BC329542F47}.Release|Any CPU.ActiveCfg = Release|Any CPU
		{BB6AE487-1BF1-4032-9471-5BC329542F47}.Release|Any CPU.Build.0 = Release|Any CPU
		{A2982241-BD3A-470F-9CE5-5F7114291669}.Debug|Any CPU.ActiveCfg = Debug|Any CPU
		{A2982241-BD3A-470F-9CE5-5F7114291669}.Debug|Any CPU.Build.0 = Debug|Any CPU
		{A2982241-BD3A-470F-9CE5-5F7114291669}.NoVariablesDefault|Any CPU.ActiveCfg = Release|Any CPU
		{A2982241-BD3A-470F-9CE5-5F7114291669}.NoVariablesDefault|Any CPU.Build.0 = Release|Any CPU
		{A2982241-BD3A-470F-9CE5-5F7114291669}.Release|Any CPU.ActiveCfg = Release|Any CPU
		{A2982241-BD3A-470F-9CE5-5F7114291669}.Release|Any CPU.Build.0 = Release|Any CPU
		{1F861B3E-A088-40B1-AF50-2AC1C6EB21F4}.Debug|Any CPU.ActiveCfg = Debug|Any CPU
		{1F861B3E-A088-40B1-AF50-2AC1C6EB21F4}.Debug|Any CPU.Build.0 = Debug|Any CPU
		{1F861B3E-A088-40B1-AF50-2AC1C6EB21F4}.NoVariablesDefault|Any CPU.ActiveCfg = Release|Any CPU
		{1F861B3E-A088-40B1-AF50-2AC1C6EB21F4}.NoVariablesDefault|Any CPU.Build.0 = Release|Any CPU
		{1F861B3E-A088-40B1-AF50-2AC1C6EB21F4}.Release|Any CPU.ActiveCfg = Release|Any CPU
		{1F861B3E-A088-40B1-AF50-2AC1C6EB21F4}.Release|Any CPU.Build.0 = Release|Any CPU
		{465C762D-5E56-4355-8C53-E3B61964FA04}.Debug|Any CPU.ActiveCfg = Debug|Any CPU
		{465C762D-5E56-4355-8C53-E3B61964FA04}.Debug|Any CPU.Build.0 = Debug|Any CPU
		{465C762D-5E56-4355-8C53-E3B61964FA04}.NoVariablesDefault|Any CPU.ActiveCfg = Release|Any CPU
		{465C762D-5E56-4355-8C53-E3B61964FA04}.NoVariablesDefault|Any CPU.Build.0 = Release|Any CPU
		{465C762D-5E56-4355-8C53-E3B61964FA04}.Release|Any CPU.ActiveCfg = Release|Any CPU
		{465C762D-5E56-4355-8C53-E3B61964FA04}.Release|Any CPU.Build.0 = Release|Any CPU
		{0185B672-0DAC-4B3E-B27A-2A36B73086A7}.Debug|Any CPU.ActiveCfg = Debug|Any CPU
		{0185B672-0DAC-4B3E-B27A-2A36B73086A7}.Debug|Any CPU.Build.0 = Debug|Any CPU
		{0185B672-0DAC-4B3E-B27A-2A36B73086A7}.NoVariablesDefault|Any CPU.ActiveCfg = Debug|Any CPU
		{0185B672-0DAC-4B3E-B27A-2A36B73086A7}.NoVariablesDefault|Any CPU.Build.0 = Debug|Any CPU
		{0185B672-0DAC-4B3E-B27A-2A36B73086A7}.Release|Any CPU.ActiveCfg = Release|Any CPU
		{0185B672-0DAC-4B3E-B27A-2A36B73086A7}.Release|Any CPU.Build.0 = Release|Any CPU
		{FACC2A2B-69E8-4C79-9C48-3CAF027F245D}.Debug|Any CPU.ActiveCfg = Debug|Any CPU
		{FACC2A2B-69E8-4C79-9C48-3CAF027F245D}.Debug|Any CPU.Build.0 = Debug|Any CPU
		{FACC2A2B-69E8-4C79-9C48-3CAF027F245D}.NoVariablesDefault|Any CPU.ActiveCfg = Debug|Any CPU
		{FACC2A2B-69E8-4C79-9C48-3CAF027F245D}.NoVariablesDefault|Any CPU.Build.0 = Debug|Any CPU
		{FACC2A2B-69E8-4C79-9C48-3CAF027F245D}.Release|Any CPU.ActiveCfg = Release|Any CPU
		{FACC2A2B-69E8-4C79-9C48-3CAF027F245D}.Release|Any CPU.Build.0 = Release|Any CPU
		{90666DD3-622F-4966-9B55-38E5C5FBA006}.Debug|Any CPU.ActiveCfg = Debug|Any CPU
		{90666DD3-622F-4966-9B55-38E5C5FBA006}.Debug|Any CPU.Build.0 = Debug|Any CPU
		{90666DD3-622F-4966-9B55-38E5C5FBA006}.NoVariablesDefault|Any CPU.ActiveCfg = Debug|Any CPU
		{90666DD3-622F-4966-9B55-38E5C5FBA006}.NoVariablesDefault|Any CPU.Build.0 = Debug|Any CPU
		{90666DD3-622F-4966-9B55-38E5C5FBA006}.Release|Any CPU.ActiveCfg = Release|Any CPU
		{90666DD3-622F-4966-9B55-38E5C5FBA006}.Release|Any CPU.Build.0 = Release|Any CPU
		{28A5F2C5-82AD-412E-8745-48FA16319292}.Debug|Any CPU.ActiveCfg = Debug|Any CPU
		{28A5F2C5-82AD-412E-8745-48FA16319292}.Debug|Any CPU.Build.0 = Debug|Any CPU
		{28A5F2C5-82AD-412E-8745-48FA16319292}.NoVariablesDefault|Any CPU.ActiveCfg = Debug|Any CPU
		{28A5F2C5-82AD-412E-8745-48FA16319292}.NoVariablesDefault|Any CPU.Build.0 = Debug|Any CPU
		{28A5F2C5-82AD-412E-8745-48FA16319292}.Release|Any CPU.ActiveCfg = Release|Any CPU
		{28A5F2C5-82AD-412E-8745-48FA16319292}.Release|Any CPU.Build.0 = Release|Any CPU
	EndGlobalSection
	GlobalSection(SolutionProperties) = preSolution
		HideSolutionNode = FALSE
	EndGlobalSection
	GlobalSection(NestedProjects) = preSolution
		{3FD3B103-AAA4-452F-8510-20B0659E9AD4} = {10A925B1-FE7E-488E-A58D-A3C736BF58EE}
		{78EA7DE3-2112-4B2F-A07A-B51C0CA3EE4B} = {5E973825-E217-4070-BD4A-CD83375E303D}
		{BB6AE487-1BF1-4032-9471-5BC329542F47} = {5E973825-E217-4070-BD4A-CD83375E303D}
		{A2982241-BD3A-470F-9CE5-5F7114291669} = {5E973825-E217-4070-BD4A-CD83375E303D}
		{1F861B3E-A088-40B1-AF50-2AC1C6EB21F4} = {5E973825-E217-4070-BD4A-CD83375E303D}
		{0185B672-0DAC-4B3E-B27A-2A36B73086A7} = {6D20783A-D4E4-48B9-B7BB-EBFE42BE085A}
		{FACC2A2B-69E8-4C79-9C48-3CAF027F245D} = {5E973825-E217-4070-BD4A-CD83375E303D}
		{90666DD3-622F-4966-9B55-38E5C5FBA006} = {5E973825-E217-4070-BD4A-CD83375E303D}
		{28A5F2C5-82AD-412E-8745-48FA16319292} = {A20942F0-57C8-4220-93FB-048DF3301C01}
	EndGlobalSection
	GlobalSection(ExtensibilityGlobals) = postSolution
		SolutionGuid = {47AB0735-A4C7-41AB-AF94-A0AB33E5871A}
	EndGlobalSection
EndGlobal
